
Microsoft Visual Studio Solution File, Format Version 12.00
# Visual Studio 14
VisualStudioVersion = 14.0.25123.0
MinimumVisualStudioVersion = 10.0.40219.1
Project("{FAE04EC0-301F-11D3-BF4B-00C04F79EFBC}") = "PeaceGame", "PeaceGame\PeaceGame\PeaceGame.csproj", "{71BED29F-EBE1-4469-B6A4-F6689A8886B8}"
EndProject
Project("{FAE04EC0-301F-11D3-BF4B-00C04F79EFBC}") = "PeaceGameContent", "PeaceGame\PeaceGameContent\PeaceGameContent.contentproj", "{BDB4C430-613C-4A1D-99F1-32586C6CA2A3}"
EndProject
Project("{FAE04EC0-301F-11D3-BF4B-00C04F79EFBC}") = "gameLIB", "..\game_api\gameLIB\gameLIB.csproj", "{C4A36F14-9D87-49C0-BE11-F9D12BCEE937}"
EndProject
Global
	GlobalSection(SolutionConfigurationPlatforms) = preSolution
		Debug|x86 = Debug|x86
		Release|x86 = Release|x86
	EndGlobalSection
	GlobalSection(ProjectConfigurationPlatforms) = postSolution
		{71BED29F-EBE1-4469-B6A4-F6689A8886B8}.Debug|x86.ActiveCfg = Debug|x86
		{71BED29F-EBE1-4469-B6A4-F6689A8886B8}.Debug|x86.Build.0 = Debug|x86
		{71BED29F-EBE1-4469-B6A4-F6689A8886B8}.Release|x86.ActiveCfg = Release|x86
		{71BED29F-EBE1-4469-B6A4-F6689A8886B8}.Release|x86.Build.0 = Release|x86
		{BDB4C430-613C-4A1D-99F1-32586C6CA2A3}.Debug|x86.ActiveCfg = Debug|x86
		{BDB4C430-613C-4A1D-99F1-32586C6CA2A3}.Release|x86.ActiveCfg = Release|x86
		{C4A36F14-9D87-49C0-BE11-F9D12BCEE937}.Debug|x86.ActiveCfg = Debug|x86
		{C4A36F14-9D87-49C0-BE11-F9D12BCEE937}.Debug|x86.Build.0 = Debug|x86
		{C4A36F14-9D87-49C0-BE11-F9D12BCEE937}.Release|x86.ActiveCfg = Release|x86
		{C4A36F14-9D87-49C0-BE11-F9D12BCEE937}.Release|x86.Build.0 = Release|x86
	EndGlobalSection
	GlobalSection(SolutionProperties) = preSolution
		HideSolutionNode = FALSE
	EndGlobalSection
EndGlobal
